
Microsoft Visual Studio Solution File, Format Version 12.00
# Visual Studio 15
VisualStudioVersion = 15.0.28010.2036
MinimumVisualStudioVersion = 10.0.40219.1
Project("{FAE04EC0-301F-11D3-BF4B-00C04F79EFBC}") = "App1.Android", "App1\App1.Android\App1.Android.csproj", "{D10E2376-E958-4350-A643-EC43060FF263}"
EndProject
Project("{FAE04EC0-301F-11D3-BF4B-00C04F79EFBC}") = "App1.iOS", "App1\App1.iOS\App1.iOS.csproj", "{262AFE85-99E5-4B9F-96EA-EF3D71D7BB2D}"
EndProject
Project("{FAE04EC0-301F-11D3-BF4B-00C04F79EFBC}") = "App1.UWP", "App1\App1.UWP\App1.UWP.csproj", "{66E340BD-5009-4101-BC4E-25939B26CC8C}"
EndProject
Project("{FAE04EC0-301F-11D3-BF4B-00C04F79EFBC}") = "App1", "App1\App1\App1.csproj", "{7D4CBA1E-723E-438B-92E3-4C24169CF71A}"
EndProject
Global
	GlobalSection(SolutionConfigurationPlatforms) = preSolution
		Ad-Hoc|Any CPU = Ad-Hoc|Any CPU
		Ad-Hoc|ARM = Ad-Hoc|ARM
		Ad-Hoc|iPhone = Ad-Hoc|iPhone
		Ad-Hoc|iPhoneSimulator = Ad-Hoc|iPhoneSimulator
		Ad-Hoc|x64 = Ad-Hoc|x64
		Ad-Hoc|x86 = Ad-Hoc|x86
		AppStore|Any CPU = AppStore|Any CPU
		AppStore|ARM = AppStore|ARM
		AppStore|iPhone = AppStore|iPhone
		AppStore|iPhoneSimulator = AppStore|iPhoneSimulator
		AppStore|x64 = AppStore|x64
		AppStore|x86 = AppStore|x86
		Debug|Any CPU = Debug|Any CPU
		Debug|ARM = Debug|ARM
		Debug|iPhone = Debug|iPhone
		Debug|iPhoneSimulator = Debug|iPhoneSimulator
		Debug|x64 = Debug|x64
		Debug|x86 = Debug|x86
		Release|Any CPU = Release|Any CPU
		Release|ARM = Release|ARM
		Release|iPhone = Release|iPhone
		Release|iPhoneSimulator = Release|iPhoneSimulator
		Release|x64 = Release|x64
		Release|x86 = Release|x86
	EndGlobalSection
	GlobalSection(ProjectConfigurationPlatforms) = postSolution
		{D10E2376-E958-4350-A643-EC43060FF263}.Ad-Hoc|Any CPU.ActiveCfg = Release|Any CPU
		{D10E2376-E958-4350-A643-EC43060FF263}.Ad-Hoc|Any CPU.Build.0 = Release|Any CPU
		{D10E2376-E958-4350-A643-EC43060FF263}.Ad-Hoc|Any CPU.Deploy.0 = Release|Any CPU
		{D10E2376-E958-4350-A643-EC43060FF263}.Ad-Hoc|ARM.ActiveCfg = Release|Any CPU
		{D10E2376-E958-4350-A643-EC43060FF263}.Ad-Hoc|ARM.Build.0 = Release|Any CPU
		{D10E2376-E958-4350-A643-EC43060FF263}.Ad-Hoc|ARM.Deploy.0 = Release|Any CPU
		{D10E2376-E958-4350-A643-EC43060FF263}.Ad-Hoc|iPhone.ActiveCfg = Release|Any CPU
		{D10E2376-E958-4350-A643-EC43060FF263}.Ad-Hoc|iPhone.Build.0 = Release|Any CPU
		{D10E2376-E958-4350-A643-EC43060FF263}.Ad-Hoc|iPhone.Deploy.0 = Release|Any CPU
		{D10E2376-E958-4350-A643-EC43060FF263}.Ad-Hoc|iPhoneSimulator.ActiveCfg = Release|Any CPU
		{D10E2376-E958-4350-A643-EC43060FF263}.Ad-Hoc|iPhoneSimulator.Build.0 = Release|Any CPU
		{D10E2376-E958-4350-A643-EC43060FF263}.Ad-Hoc|iPhoneSimulator.Deploy.0 = Release|Any CPU
		{D10E2376-E958-4350-A643-EC43060FF263}.Ad-Hoc|x64.ActiveCfg = Release|Any CPU
		{D10E2376-E958-4350-A643-EC43060FF263}.Ad-Hoc|x64.Build.0 = Release|Any CPU
		{D10E2376-E958-4350-A643-EC43060FF263}.Ad-Hoc|x64.Deploy.0 = Release|Any CPU
		{D10E2376-E958-4350-A643-EC43060FF263}.Ad-Hoc|x86.ActiveCfg = Release|Any CPU
		{D10E2376-E958-4350-A643-EC43060FF263}.Ad-Hoc|x86.Build.0 = Release|Any CPU
		{D10E2376-E958-4350-A643-EC43060FF263}.Ad-Hoc|x86.Deploy.0 = Release|Any CPU
		{D10E2376-E958-4350-A643-EC43060FF263}.AppStore|Any CPU.ActiveCfg = Release|Any CPU
		{D10E2376-E958-4350-A643-EC43060FF263}.AppStore|Any CPU.Build.0 = Release|Any CPU
		{D10E2376-E958-4350-A643-EC43060FF263}.AppStore|Any CPU.Deploy.0 = Release|Any CPU
		{D10E2376-E958-4350-A643-EC43060FF263}.AppStore|ARM.ActiveCfg = Release|Any CPU
		{D10E2376-E958-4350-A643-EC43060FF263}.AppStore|ARM.Build.0 = Release|Any CPU
		{D10E2376-E958-4350-A643-EC43060FF263}.AppStore|ARM.Deploy.0 = Release|Any CPU
		{D10E2376-E958-4350-A643-EC43060FF263}.AppStore|iPhone.ActiveCfg = Release|Any CPU
		{D10E2376-E958-4350-A643-EC43060FF263}.AppStore|iPhone.Build.0 = Release|Any CPU
		{D10E2376-E958-4350-A643-EC43060FF263}.AppStore|iPhone.Deploy.0 = Release|Any CPU
		{D10E2376-E958-4350-A643-EC43060FF263}.AppStore|iPhoneSimulator.ActiveCfg = Release|Any CPU
		{D10E2376-E958-4350-A643-EC43060FF263}.AppStore|iPhoneSimulator.Build.0 = Release|Any CPU
		{D10E2376-E958-4350-A643-EC43060FF263}.AppStore|iPhoneSimulator.Deploy.0 = Release|Any CPU
		{D10E2376-E958-4350-A643-EC43060FF263}.AppStore|x64.ActiveCfg = Release|Any CPU
		{D10E2376-E958-4350-A643-EC43060FF263}.AppStore|x64.Build.0 = Release|Any CPU
		{D10E2376-E958-4350-A643-EC43060FF263}.AppStore|x64.Deploy.0 = Release|Any CPU
		{D10E2376-E958-4350-A643-EC43060FF263}.AppStore|x86.ActiveCfg = Release|Any CPU
		{D10E2376-E958-4350-A643-EC43060FF263}.AppStore|x86.Build.0 = Release|Any CPU
		{D10E2376-E958-4350-A643-EC43060FF263}.AppStore|x86.Deploy.0 = Release|Any CPU
		{D10E2376-E958-4350-A643-EC43060FF263}.Debug|Any CPU.ActiveCfg = Debug|Any CPU
		{D10E2376-E958-4350-A643-EC43060FF263}.Debug|Any CPU.Build.0 = Debug|Any CPU
		{D10E2376-E958-4350-A643-EC43060FF263}.Debug|Any CPU.Deploy.0 = Debug|Any CPU
		{D10E2376-E958-4350-A643-EC43060FF263}.Debug|ARM.ActiveCfg = Debug|Any CPU
		{D10E2376-E958-4350-A643-EC43060FF263}.Debug|ARM.Build.0 = Debug|Any CPU
		{D10E2376-E958-4350-A643-EC43060FF263}.Debug|ARM.Deploy.0 = Debug|Any CPU
		{D10E2376-E958-4350-A643-EC43060FF263}.Debug|iPhone.ActiveCfg = Debug|Any CPU
		{D10E2376-E958-4350-A643-EC43060FF263}.Debug|iPhone.Build.0 = Debug|Any CPU
		{D10E2376-E958-4350-A643-EC43060FF263}.Debug|iPhone.Deploy.0 = Debug|Any CPU
		{D10E2376-E958-4350-A643-EC43060FF263}.Debug|iPhoneSimulator.ActiveCfg = Debug|Any CPU
		{D10E2376-E958-4350-A643-EC43060FF263}.Debug|iPhoneSimulator.Build.0 = Debug|Any CPU
		{D10E2376-E958-4350-A643-EC43060FF263}.Debug|iPhoneSimulator.Deploy.0 = Debug|Any CPU
		{D10E2376-E958-4350-A643-EC43060FF263}.Debug|x64.ActiveCfg = Debug|Any CPU
		{D10E2376-E958-4350-A643-EC43060FF263}.Debug|x64.Build.0 = Debug|Any CPU
		{D10E2376-E958-4350-A643-EC43060FF263}.Debug|x64.Deploy.0 = Debug|Any CPU
		{D10E2376-E958-4350-A643-EC43060FF263}.Debug|x86.ActiveCfg = Debug|Any CPU
		{D10E2376-E958-4350-A643-EC43060FF263}.Debug|x86.Build.0 = Debug|Any CPU
		{D10E2376-E958-4350-A643-EC43060FF263}.Debug|x86.Deploy.0 = Debug|Any CPU
		{D10E2376-E958-4350-A643-EC43060FF263}.Release|Any CPU.ActiveCfg = Release|Any CPU
		{D10E2376-E958-4350-A643-EC43060FF263}.Release|Any CPU.Build.0 = Release|Any CPU
		{D10E2376-E958-4350-A643-EC43060FF263}.Release|Any CPU.Deploy.0 = Release|Any CPU
		{D10E2376-E958-4350-A643-EC43060FF263}.Release|ARM.ActiveCfg = Release|Any CPU
		{D10E2376-E958-4350-A643-EC43060FF263}.Release|ARM.Build.0 = Release|Any CPU
		{D10E2376-E958-4350-A643-EC43060FF263}.Release|ARM.Deploy.0 = Release|Any CPU
		{D10E2376-E958-4350-A643-EC43060FF263}.Release|iPhone.ActiveCfg = Release|Any CPU
		{D10E2376-E958-4350-A643-EC43060FF263}.Release|iPhone.Build.0 = Release|Any CPU
		{D10E2376-E958-4350-A643-EC43060FF263}.Release|iPhone.Deploy.0 = Release|Any CPU
		{D10E2376-E958-4350-A643-EC43060FF263}.Release|iPhoneSimulator.ActiveCfg = Release|Any CPU
		{D10E2376-E958-4350-A643-EC43060FF263}.Release|iPhoneSimulator.Build.0 = Release|Any CPU
		{D10E2376-E958-4350-A643-EC43060FF263}.Release|iPhoneSimulator.Deploy.0 = Release|Any CPU
		{D10E2376-E958-4350-A643-EC43060FF263}.Release|x64.ActiveCfg = Release|Any CPU
		{D10E2376-E958-4350-A643-EC43060FF263}.Release|x64.Build.0 = Release|Any CPU
		{D10E2376-E958-4350-A643-EC43060FF263}.Release|x64.Deploy.0 = Release|Any CPU
		{D10E2376-E958-4350-A643-EC43060FF263}.Release|x86.ActiveCfg = Release|Any CPU
		{D10E2376-E958-4350-A643-EC43060FF263}.Release|x86.Build.0 = Release|Any CPU
		{D10E2376-E958-4350-A643-EC43060FF263}.Release|x86.Deploy.0 = Release|Any CPU
		{262AFE85-99E5-4B9F-96EA-EF3D71D7BB2D}.Ad-Hoc|Any CPU.ActiveCfg = Ad-Hoc|iPhone
		{262AFE85-99E5-4B9F-96EA-EF3D71D7BB2D}.Ad-Hoc|Any CPU.Build.0 = Ad-Hoc|iPhone
		{262AFE85-99E5-4B9F-96EA-EF3D71D7BB2D}.Ad-Hoc|Any CPU.Deploy.0 = Ad-Hoc|iPhone
		{262AFE85-99E5-4B9F-96EA-EF3D71D7BB2D}.Ad-Hoc|ARM.ActiveCfg = Ad-Hoc|iPhone
		{262AFE85-99E5-4B9F-96EA-EF3D71D7BB2D}.Ad-Hoc|ARM.Build.0 = Ad-Hoc|iPhone
		{262AFE85-99E5-4B9F-96EA-EF3D71D7BB2D}.Ad-Hoc|ARM.Deploy.0 = Ad-Hoc|iPhone
		{262AFE85-99E5-4B9F-96EA-EF3D71D7BB2D}.Ad-Hoc|iPhone.ActiveCfg = Ad-Hoc|iPhone
		{262AFE85-99E5-4B9F-96EA-EF3D71D7BB2D}.Ad-Hoc|iPhone.Build.0 = Ad-Hoc|iPhone
		{262AFE85-99E5-4B9F-96EA-EF3D71D7BB2D}.Ad-Hoc|iPhone.Deploy.0 = Ad-Hoc|iPhone
		{262AFE85-99E5-4B9F-96EA-EF3D71D7BB2D}.Ad-Hoc|iPhoneSimulator.ActiveCfg = Ad-Hoc|iPhoneSimulator
		{262AFE85-99E5-4B9F-96EA-EF3D71D7BB2D}.Ad-Hoc|iPhoneSimulator.Build.0 = Ad-Hoc|iPhoneSimulator
		{262AFE85-99E5-4B9F-96EA-EF3D71D7BB2D}.Ad-Hoc|iPhoneSimulator.Deploy.0 = Ad-Hoc|iPhoneSimulator
		{262AFE85-99E5-4B9F-96EA-EF3D71D7BB2D}.Ad-Hoc|x64.ActiveCfg = Ad-Hoc|iPhone
		{262AFE85-99E5-4B9F-96EA-EF3D71D7BB2D}.Ad-Hoc|x64.Build.0 = Ad-Hoc|iPhone
		{262AFE85-99E5-4B9F-96EA-EF3D71D7BB2D}.Ad-Hoc|x64.Deploy.0 = Ad-Hoc|iPhone
		{262AFE85-99E5-4B9F-96EA-EF3D71D7BB2D}.Ad-Hoc|x86.ActiveCfg = Ad-Hoc|iPhone
		{262AFE85-99E5-4B9F-96EA-EF3D71D7BB2D}.Ad-Hoc|x86.Build.0 = Ad-Hoc|iPhone
		{262AFE85-99E5-4B9F-96EA-EF3D71D7BB2D}.Ad-Hoc|x86.Deploy.0 = Ad-Hoc|iPhone
		{262AFE85-99E5-4B9F-96EA-EF3D71D7BB2D}.AppStore|Any CPU.ActiveCfg = AppStore|iPhone
		{262AFE85-99E5-4B9F-96EA-EF3D71D7BB2D}.AppStore|Any CPU.Build.0 = AppStore|iPhone
		{262AFE85-99E5-4B9F-96EA-EF3D71D7BB2D}.AppStore|Any CPU.Deploy.0 = AppStore|iPhone
		{262AFE85-99E5-4B9F-96EA-EF3D71D7BB2D}.AppStore|ARM.ActiveCfg = AppStore|iPhone
		{262AFE85-99E5-4B9F-96EA-EF3D71D7BB2D}.AppStore|ARM.Build.0 = AppStore|iPhone
		{262AFE85-99E5-4B9F-96EA-EF3D71D7BB2D}.AppStore|ARM.Deploy.0 = AppStore|iPhone
		{262AFE85-99E5-4B9F-96EA-EF3D71D7BB2D}.AppStore|iPhone.ActiveCfg = AppStore|iPhone
		{262AFE85-99E5-4B9F-96EA-EF3D71D7BB2D}.AppStore|iPhone.Build.0 = AppStore|iPhone
		{262AFE85-99E5-4B9F-96EA-EF3D71D7BB2D}.AppStore|iPhone.Deploy.0 = AppStore|iPhone
		{262AFE85-99E5-4B9F-96EA-EF3D71D7BB2D}.AppStore|iPhoneSimulator.ActiveCfg = AppStore|iPhoneSimulator
		{262AFE85-99E5-4B9F-96EA-EF3D71D7BB2D}.AppStore|iPhoneSimulator.Build.0 = AppStore|iPhoneSimulator
		{262AFE85-99E5-4B9F-96EA-EF3D71D7BB2D}.AppStore|iPhoneSimulator.Deploy.0 = AppStore|iPhoneSimulator
		{262AFE85-99E5-4B9F-96EA-EF3D71D7BB2D}.AppStore|x64.ActiveCfg = AppStore|iPhone
		{262AFE85-99E5-4B9F-96EA-EF3D71D7BB2D}.AppStore|x64.Build.0 = AppStore|iPhone
		{262AFE85-99E5-4B9F-96EA-EF3D71D7BB2D}.AppStore|x64.Deploy.0 = AppStore|iPhone
		{262AFE85-99E5-4B9F-96EA-EF3D71D7BB2D}.AppStore|x86.ActiveCfg = AppStore|iPhone
		{262AFE85-99E5-4B9F-96EA-EF3D71D7BB2D}.AppStore|x86.Build.0 = AppStore|iPhone
		{262AFE85-99E5-4B9F-96EA-EF3D71D7BB2D}.AppStore|x86.Deploy.0 = AppStore|iPhone
		{262AFE85-99E5-4B9F-96EA-EF3D71D7BB2D}.Debug|Any CPU.ActiveCfg = Debug|iPhoneSimulator
		{262AFE85-99E5-4B9F-96EA-EF3D71D7BB2D}.Debug|Any CPU.Build.0 = Debug|iPhoneSimulator
		{262AFE85-99E5-4B9F-96EA-EF3D71D7BB2D}.Debug|Any CPU.Deploy.0 = Debug|iPhoneSimulator
		{262AFE85-99E5-4B9F-96EA-EF3D71D7BB2D}.Debug|ARM.ActiveCfg = Debug|iPhone
		{262AFE85-99E5-4B9F-96EA-EF3D71D7BB2D}.Debug|ARM.Build.0 = Debug|iPhone
		{262AFE85-99E5-4B9F-96EA-EF3D71D7BB2D}.Debug|ARM.Deploy.0 = Debug|iPhone
		{262AFE85-99E5-4B9F-96EA-EF3D71D7BB2D}.Debug|iPhone.ActiveCfg = Debug|iPhone
		{262AFE85-99E5-4B9F-96EA-EF3D71D7BB2D}.Debug|iPhone.Build.0 = Debug|iPhone
		{262AFE85-99E5-4B9F-96EA-EF3D71D7BB2D}.Debug|iPhone.Deploy.0 = Debug|iPhone
		{262AFE85-99E5-4B9F-96EA-EF3D71D7BB2D}.Debug|iPhoneSimulator.ActiveCfg = Debug|iPhoneSimulator
		{262AFE85-99E5-4B9F-96EA-EF3D71D7BB2D}.Debug|iPhoneSimulator.Build.0 = Debug|iPhoneSimulator
		{262AFE85-99E5-4B9F-96EA-EF3D71D7BB2D}.Debug|iPhoneSimulator.Deploy.0 = Debug|iPhoneSimulator
		{262AFE85-99E5-4B9F-96EA-EF3D71D7BB2D}.Debug|x64.ActiveCfg = Debug|iPhone
		{262AFE85-99E5-4B9F-96EA-EF3D71D7BB2D}.Debug|x64.Build.0 = Debug|iPhone
		{262AFE85-99E5-4B9F-96EA-EF3D71D7BB2D}.Debug|x64.Deploy.0 = Debug|iPhone
		{262AFE85-99E5-4B9F-96EA-EF3D71D7BB2D}.Debug|x86.ActiveCfg = Debug|iPhone
		{262AFE85-99E5-4B9F-96EA-EF3D71D7BB2D}.Debug|x86.Build.0 = Debug|iPhone
		{262AFE85-99E5-4B9F-96EA-EF3D71D7BB2D}.Debug|x86.Deploy.0 = Debug|iPhone
		{262AFE85-99E5-4B9F-96EA-EF3D71D7BB2D}.Release|Any CPU.ActiveCfg = Release|iPhone
		{262AFE85-99E5-4B9F-96EA-EF3D71D7BB2D}.Release|Any CPU.Build.0 = Release|iPhone
		{262AFE85-99E5-4B9F-96EA-EF3D71D7BB2D}.Release|Any CPU.Deploy.0 = Release|iPhone
		{262AFE85-99E5-4B9F-96EA-EF3D71D7BB2D}.Release|ARM.ActiveCfg = Release|iPhone
		{262AFE85-99E5-4B9F-96EA-EF3D71D7BB2D}.Release|ARM.Build.0 = Release|iPhone
		{262AFE85-99E5-4B9F-96EA-EF3D71D7BB2D}.Release|ARM.Deploy.0 = Release|iPhone
		{262AFE85-99E5-4B9F-96EA-EF3D71D7BB2D}.Release|iPhone.ActiveCfg = Release|iPhone
		{262AFE85-99E5-4B9F-96EA-EF3D71D7BB2D}.Release|iPhone.Build.0 = Release|iPhone
		{262AFE85-99E5-4B9F-96EA-EF3D71D7BB2D}.Release|iPhone.Deploy.0 = Release|iPhone
		{262AFE85-99E5-4B9F-96EA-EF3D71D7BB2D}.Release|iPhoneSimulator.ActiveCfg = Release|iPhoneSimulator
		{262AFE85-99E5-4B9F-96EA-EF3D71D7BB2D}.Release|iPhoneSimulator.Build.0 = Release|iPhoneSimulator
		{262AFE85-99E5-4B9F-96EA-EF3D71D7BB2D}.Release|iPhoneSimulator.Deploy.0 = Release|iPhoneSimulator
		{262AFE85-99E5-4B9F-96EA-EF3D71D7BB2D}.Release|x64.ActiveCfg = Release|iPhone
		{262AFE85-99E5-4B9F-96EA-EF3D71D7BB2D}.Release|x64.Build.0 = Release|iPhone
		{262AFE85-99E5-4B9F-96EA-EF3D71D7BB2D}.Release|x64.Deploy.0 = Release|iPhone
		{262AFE85-99E5-4B9F-96EA-EF3D71D7BB2D}.Release|x86.ActiveCfg = Release|iPhone
		{262AFE85-99E5-4B9F-96EA-EF3D71D7BB2D}.Release|x86.Build.0 = Release|iPhone
		{262AFE85-99E5-4B9F-96EA-EF3D71D7BB2D}.Release|x86.Deploy.0 = Release|iPhone
		{66E340BD-5009-4101-BC4E-25939B26CC8C}.Ad-Hoc|Any CPU.ActiveCfg = Release|x86
		{66E340BD-5009-4101-BC4E-25939B26CC8C}.Ad-Hoc|Any CPU.Build.0 = Release|x86
		{66E340BD-5009-4101-BC4E-25939B26CC8C}.Ad-Hoc|Any CPU.Deploy.0 = Release|x86
		{66E340BD-5009-4101-BC4E-25939B26CC8C}.Ad-Hoc|ARM.ActiveCfg = Release|ARM
		{66E340BD-5009-4101-BC4E-25939B26CC8C}.Ad-Hoc|ARM.Build.0 = Release|ARM
		{66E340BD-5009-4101-BC4E-25939B26CC8C}.Ad-Hoc|ARM.Deploy.0 = Release|ARM
		{66E340BD-5009-4101-BC4E-25939B26CC8C}.Ad-Hoc|iPhone.ActiveCfg = Release|x86
		{66E340BD-5009-4101-BC4E-25939B26CC8C}.Ad-Hoc|iPhone.Build.0 = Release|x86
		{66E340BD-5009-4101-BC4E-25939B26CC8C}.Ad-Hoc|iPhone.Deploy.0 = Release|x86
		{66E340BD-5009-4101-BC4E-25939B26CC8C}.Ad-Hoc|iPhoneSimulator.ActiveCfg = Release|x86
		{66E340BD-5009-4101-BC4E-25939B26CC8C}.Ad-Hoc|iPhoneSimulator.Build.0 = Release|x86
		{66E340BD-5009-4101-BC4E-25939B26CC8C}.Ad-Hoc|iPhoneSimulator.Deploy.0 = Release|x86
		{66E340BD-5009-4101-BC4E-25939B26CC8C}.Ad-Hoc|x64.ActiveCfg = Release|x64
		{66E340BD-5009-4101-BC4E-25939B26CC8C}.Ad-Hoc|x64.Build.0 = Release|x64
		{66E340BD-5009-4101-BC4E-25939B26CC8C}.Ad-Hoc|x64.Deploy.0 = Release|x64
		{66E340BD-5009-4101-BC4E-25939B26CC8C}.Ad-Hoc|x86.ActiveCfg = Release|x86
		{66E340BD-5009-4101-BC4E-25939B26CC8C}.Ad-Hoc|x86.Build.0 = Release|x86
		{66E340BD-5009-4101-BC4E-25939B26CC8C}.Ad-Hoc|x86.Deploy.0 = Release|x86
		{66E340BD-5009-4101-BC4E-25939B26CC8C}.AppStore|Any CPU.ActiveCfg = Release|x86
		{66E340BD-5009-4101-BC4E-25939B26CC8C}.AppStore|Any CPU.Build.0 = Release|x86
		{66E340BD-5009-4101-BC4E-25939B26CC8C}.AppStore|Any CPU.Deploy.0 = Release|x86
		{66E340BD-5009-4101-BC4E-25939B26CC8C}.AppStore|ARM.ActiveCfg = Release|ARM
		{66E340BD-5009-4101-BC4E-25939B26CC8C}.AppStore|ARM.Build.0 = Release|ARM
		{66E340BD-5009-4101-BC4E-25939B26CC8C}.AppStore|ARM.Deploy.0 = Release|ARM
		{66E340BD-5009-4101-BC4E-25939B26CC8C}.AppStore|iPhone.ActiveCfg = Release|x86
		{66E340BD-5009-4101-BC4E-25939B26CC8C}.AppStore|iPhone.Build.0 = Release|x86
		{66E340BD-5009-4101-BC4E-25939B26CC8C}.AppStore|iPhone.Deploy.0 = Release|x86
		{66E340BD-5009-4101-BC4E-25939B26CC8C}.AppStore|iPhoneSimulator.ActiveCfg = Release|x86
		{66E340BD-5009-4101-BC4E-25939B26CC8C}.AppStore|iPhoneSimulator.Build.0 = Release|x86
		{66E340BD-5009-4101-BC4E-25939B26CC8C}.AppStore|iPhoneSimulator.Deploy.0 = Release|x86
		{66E340BD-5009-4101-BC4E-25939B26CC8C}.AppStore|x64.ActiveCfg = Release|x64
		{66E340BD-5009-4101-BC4E-25939B26CC8C}.AppStore|x64.Build.0 = Release|x64
		{66E340BD-5009-4101-BC4E-25939B26CC8C}.AppStore|x64.Deploy.0 = Release|x64
		{66E340BD-5009-4101-BC4E-25939B26CC8C}.AppStore|x86.ActiveCfg = Release|x86
		{66E340BD-5009-4101-BC4E-25939B26CC8C}.AppStore|x86.Build.0 = Release|x86
		{66E340BD-5009-4101-BC4E-25939B26CC8C}.AppStore|x86.Deploy.0 = Release|x86
		{66E340BD-5009-4101-BC4E-25939B26CC8C}.Debug|Any CPU.ActiveCfg = Debug|x86
		{66E340BD-5009-4101-BC4E-25939B26CC8C}.Debug|Any CPU.Build.0 = Debug|x86
		{66E340BD-5009-4101-BC4E-25939B26CC8C}.Debug|Any CPU.Deploy.0 = Debug|x86
		{66E340BD-5009-4101-BC4E-25939B26CC8C}.Debug|ARM.ActiveCfg = Debug|ARM
		{66E340BD-5009-4101-BC4E-25939B26CC8C}.Debug|ARM.Build.0 = Debug|ARM
		{66E340BD-5009-4101-BC4E-25939B26CC8C}.Debug|ARM.Deploy.0 = Debug|ARM
		{66E340BD-5009-4101-BC4E-25939B26CC8C}.Debug|iPhone.ActiveCfg = Debug|x86
		{66E340BD-5009-4101-BC4E-25939B26CC8C}.Debug|iPhone.Build.0 = Debug|x86
		{66E340BD-5009-4101-BC4E-25939B26CC8C}.Debug|iPhone.Deploy.0 = Debug|x86
		{66E340BD-5009-4101-BC4E-25939B26CC8C}.Debug|iPhoneSimulator.ActiveCfg = Debug|x86
		{66E340BD-5009-4101-BC4E-25939B26CC8C}.Debug|iPhoneSimulator.Build.0 = Debug|x86
		{66E340BD-5009-4101-BC4E-25939B26CC8C}.Debug|iPhoneSimulator.Deploy.0 = Debug|x86
		{66E340BD-5009-4101-BC4E-25939B26CC8C}.Debug|x64.ActiveCfg = Debug|x64
		{66E340BD-5009-4101-BC4E-25939B26CC8C}.Debug|x64.Build.0 = Debug|x64
		{66E340BD-5009-4101-BC4E-25939B26CC8C}.Debug|x64.Deploy.0 = Debug|x64
		{66E340BD-5009-4101-BC4E-25939B26CC8C}.Debug|x86.ActiveCfg = Debug|x86
		{66E340BD-5009-4101-BC4E-25939B26CC8C}.Debug|x86.Build.0 = Debug|x86
		{66E340BD-5009-4101-BC4E-25939B26CC8C}.Debug|x86.Deploy.0 = Debug|x86
		{66E340BD-5009-4101-BC4E-25939B26CC8C}.Release|Any CPU.ActiveCfg = Release|x86
		{66E340BD-5009-4101-BC4E-25939B26CC8C}.Release|Any CPU.Build.0 = Release|x86
		{66E340BD-5009-4101-BC4E-25939B26CC8C}.Release|Any CPU.Deploy.0 = Release|x86
		{66E340BD-5009-4101-BC4E-25939B26CC8C}.Release|ARM.ActiveCfg = Release|ARM
		{66E340BD-5009-4101-BC4E-25939B26CC8C}.Release|ARM.Build.0 = Release|ARM
		{66E340BD-5009-4101-BC4E-25939B26CC8C}.Release|ARM.Deploy.0 = Release|ARM
		{66E340BD-5009-4101-BC4E-25939B26CC8C}.Release|iPhone.ActiveCfg = Release|x86
		{66E340BD-5009-4101-BC4E-25939B26CC8C}.Release|iPhone.Build.0 = Release|x86
		{66E340BD-5009-4101-BC4E-25939B26CC8C}.Release|iPhone.Deploy.0 = Release|x86
		{66E340BD-5009-4101-BC4E-25939B26CC8C}.Release|iPhoneSimulator.ActiveCfg = Release|x86
		{66E340BD-5009-4101-BC4E-25939B26CC8C}.Release|iPhoneSimulator.Build.0 = Release|x86
		{66E340BD-5009-4101-BC4E-25939B26CC8C}.Release|iPhoneSimulator.Deploy.0 = Release|x86
		{66E340BD-5009-4101-BC4E-25939B26CC8C}.Release|x64.ActiveCfg = Release|x64
		{66E340BD-5009-4101-BC4E-25939B26CC8C}.Release|x64.Build.0 = Release|x64
		{66E340BD-5009-4101-BC4E-25939B26CC8C}.Release|x64.Deploy.0 = Release|x64
		{66E340BD-5009-4101-BC4E-25939B26CC8C}.Release|x86.ActiveCfg = Release|x86
		{66E340BD-5009-4101-BC4E-25939B26CC8C}.Release|x86.Build.0 = Release|x86
		{66E340BD-5009-4101-BC4E-25939B26CC8C}.Release|x86.Deploy.0 = Release|x86
		{7D4CBA1E-723E-438B-92E3-4C24169CF71A}.Ad-Hoc|Any CPU.ActiveCfg = Debug|Any CPU
		{7D4CBA1E-723E-438B-92E3-4C24169CF71A}.Ad-Hoc|Any CPU.Build.0 = Debug|Any CPU
		{7D4CBA1E-723E-438B-92E3-4C24169CF71A}.Ad-Hoc|Any CPU.Deploy.0 = Debug|Any CPU
		{7D4CBA1E-723E-438B-92E3-4C24169CF71A}.Ad-Hoc|ARM.ActiveCfg = Debug|Any CPU
		{7D4CBA1E-723E-438B-92E3-4C24169CF71A}.Ad-Hoc|ARM.Build.0 = Debug|Any CPU
		{7D4CBA1E-723E-438B-92E3-4C24169CF71A}.Ad-Hoc|ARM.Deploy.0 = Debug|Any CPU
		{7D4CBA1E-723E-438B-92E3-4C24169CF71A}.Ad-Hoc|iPhone.ActiveCfg = Debug|Any CPU
		{7D4CBA1E-723E-438B-92E3-4C24169CF71A}.Ad-Hoc|iPhone.Build.0 = Debug|Any CPU
		{7D4CBA1E-723E-438B-92E3-4C24169CF71A}.Ad-Hoc|iPhone.Deploy.0 = Debug|Any CPU
		{7D4CBA1E-723E-438B-92E3-4C24169CF71A}.Ad-Hoc|iPhoneSimulator.ActiveCfg = Debug|Any CPU
		{7D4CBA1E-723E-438B-92E3-4C24169CF71A}.Ad-Hoc|iPhoneSimulator.Build.0 = Debug|Any CPU
		{7D4CBA1E-723E-438B-92E3-4C24169CF71A}.Ad-Hoc|iPhoneSimulator.Deploy.0 = Debug|Any CPU
		{7D4CBA1E-723E-438B-92E3-4C24169CF71A}.Ad-Hoc|x64.ActiveCfg = Debug|Any CPU
		{7D4CBA1E-723E-438B-92E3-4C24169CF71A}.Ad-Hoc|x64.Build.0 = Debug|Any CPU
		{7D4CBA1E-723E-438B-92E3-4C24169CF71A}.Ad-Hoc|x64.Deploy.0 = Debug|Any CPU
		{7D4CBA1E-723E-438B-92E3-4C24169CF71A}.Ad-Hoc|x86.ActiveCfg = Debug|Any CPU
		{7D4CBA1E-723E-438B-92E3-4C24169CF71A}.Ad-Hoc|x86.Build.0 = Debug|Any CPU
		{7D4CBA1E-723E-438B-92E3-4C24169CF71A}.Ad-Hoc|x86.Deploy.0 = Debug|Any CPU
		{7D4CBA1E-723E-438B-92E3-4C24169CF71A}.AppStore|Any CPU.ActiveCfg = Debug|Any CPU
		{7D4CBA1E-723E-438B-92E3-4C24169CF71A}.AppStore|Any CPU.Build.0 = Debug|Any CPU
		{7D4CBA1E-723E-438B-92E3-4C24169CF71A}.AppStore|Any CPU.Deploy.0 = Debug|Any CPU
		{7D4CBA1E-723E-438B-92E3-4C24169CF71A}.AppStore|ARM.ActiveCfg = Debug|Any CPU
		{7D4CBA1E-723E-438B-92E3-4C24169CF71A}.AppStore|ARM.Build.0 = Debug|Any CPU
		{7D4CBA1E-723E-438B-92E3-4C24169CF71A}.AppStore|ARM.Deploy.0 = Debug|Any CPU
		{7D4CBA1E-723E-438B-92E3-4C24169CF71A}.AppStore|iPhone.ActiveCfg = Debug|Any CPU
		{7D4CBA1E-723E-438B-92E3-4C24169CF71A}.AppStore|iPhone.Build.0 = Debug|Any CPU
		{7D4CBA1E-723E-438B-92E3-4C24169CF71A}.AppStore|iPhone.Deploy.0 = Debug|Any CPU
		{7D4CBA1E-723E-438B-92E3-4C24169CF71A}.AppStore|iPhoneSimulator.ActiveCfg = Debug|Any CPU
		{7D4CBA1E-723E-438B-92E3-4C24169CF71A}.AppStore|iPhoneSimulator.Build.0 = Debug|Any CPU
		{7D4CBA1E-723E-438B-92E3-4C24169CF71A}.AppStore|iPhoneSimulator.Deploy.0 = Debug|Any CPU
		{7D4CBA1E-723E-438B-92E3-4C24169CF71A}.AppStore|x64.ActiveCfg = Debug|Any CPU
		{7D4CBA1E-723E-438B-92E3-4C24169CF71A}.AppStore|x64.Build.0 = Debug|Any CPU
		{7D4CBA1E-723E-438B-92E3-4C24169CF71A}.AppStore|x64.Deploy.0 = Debug|Any CPU
		{7D4CBA1E-723E-438B-92E3-4C24169CF71A}.AppStore|x86.ActiveCfg = Debug|Any CPU
		{7D4CBA1E-723E-438B-92E3-4C24169CF71A}.AppStore|x86.Build.0 = Debug|Any CPU
		{7D4CBA1E-723E-438B-92E3-4C24169CF71A}.AppStore|x86.Deploy.0 = Debug|Any CPU
		{7D4CBA1E-723E-438B-92E3-4C24169CF71A}.Debug|Any CPU.ActiveCfg = Debug|Any CPU
		{7D4CBA1E-723E-438B-92E3-4C24169CF71A}.Debug|Any CPU.Build.0 = Debug|Any CPU
		{7D4CBA1E-723E-438B-92E3-4C24169CF71A}.Debug|Any CPU.Deploy.0 = Debug|Any CPU
		{7D4CBA1E-723E-438B-92E3-4C24169CF71A}.Debug|ARM.ActiveCfg = Debug|Any CPU
		{7D4CBA1E-723E-438B-92E3-4C24169CF71A}.Debug|ARM.Build.0 = Debug|Any CPU
		{7D4CBA1E-723E-438B-92E3-4C24169CF71A}.Debug|ARM.Deploy.0 = Debug|Any CPU
		{7D4CBA1E-723E-438B-92E3-4C24169CF71A}.Debug|iPhone.ActiveCfg = Debug|Any CPU
		{7D4CBA1E-723E-438B-92E3-4C24169CF71A}.Debug|iPhone.Build.0 = Debug|Any CPU
		{7D4CBA1E-723E-438B-92E3-4C24169CF71A}.Debug|iPhone.Deploy.0 = Debug|Any CPU
		{7D4CBA1E-723E-438B-92E3-4C24169CF71A}.Debug|iPhoneSimulator.ActiveCfg = Debug|Any CPU
		{7D4CBA1E-723E-438B-92E3-4C24169CF71A}.Debug|iPhoneSimulator.Build.0 = Debug|Any CPU
		{7D4CBA1E-723E-438B-92E3-4C24169CF71A}.Debug|iPhoneSimulator.Deploy.0 = Debug|Any CPU
		{7D4CBA1E-723E-438B-92E3-4C24169CF71A}.Debug|x64.ActiveCfg = Debug|Any CPU
		{7D4CBA1E-723E-438B-92E3-4C24169CF71A}.Debug|x64.Build.0 = Debug|Any CPU
		{7D4CBA1E-723E-438B-92E3-4C24169CF71A}.Debug|x64.Deploy.0 = Debug|Any CPU
		{7D4CBA1E-723E-438B-92E3-4C24169CF71A}.Debug|x86.ActiveCfg = Debug|Any CPU
		{7D4CBA1E-723E-438B-92E3-4C24169CF71A}.Debug|x86.Build.0 = Debug|Any CPU
		{7D4CBA1E-723E-438B-92E3-4C24169CF71A}.Debug|x86.Deploy.0 = Debug|Any CPU
		{7D4CBA1E-723E-438B-92E3-4C24169CF71A}.Release|Any CPU.ActiveCfg = Release|Any CPU
		{7D4CBA1E-723E-438B-92E3-4C24169CF71A}.Release|Any CPU.Build.0 = Release|Any CPU
		{7D4CBA1E-723E-438B-92E3-4C24169CF71A}.Release|Any CPU.Deploy.0 = Release|Any CPU
		{7D4CBA1E-723E-438B-92E3-4C24169CF71A}.Release|ARM.ActiveCfg = Release|Any CPU
		{7D4CBA1E-723E-438B-92E3-4C24169CF71A}.Release|ARM.Build.0 = Release|Any CPU
		{7D4CBA1E-723E-438B-92E3-4C24169CF71A}.Release|ARM.Deploy.0 = Release|Any CPU
		{7D4CBA1E-723E-438B-92E3-4C24169CF71A}.Release|iPhone.ActiveCfg = Release|Any CPU
		{7D4CBA1E-723E-438B-92E3-4C24169CF71A}.Release|iPhone.Build.0 = Release|Any CPU
		{7D4CBA1E-723E-438B-92E3-4C24169CF71A}.Release|iPhone.Deploy.0 = Release|Any CPU
		{7D4CBA1E-723E-438B-92E3-4C24169CF71A}.Release|iPhoneSimulator.ActiveCfg = Release|Any CPU
		{7D4CBA1E-723E-438B-92E3-4C24169CF71A}.Release|iPhoneSimulator.Build.0 = Release|Any CPU
		{7D4CBA1E-723E-438B-92E3-4C24169CF71A}.Release|iPhoneSimulator.Deploy.0 = Release|Any CPU
		{7D4CBA1E-723E-438B-92E3-4C24169CF71A}.Release|x64.ActiveCfg = Release|Any CPU
		{7D4CBA1E-723E-438B-92E3-4C24169CF71A}.Release|x64.Build.0 = Release|Any CPU
		{7D4CBA1E-723E-438B-92E3-4C24169CF71A}.Release|x64.Deploy.0 = Release|Any CPU
		{7D4CBA1E-723E-438B-92E3-4C24169CF71A}.Release|x86.ActiveCfg = Release|Any CPU
		{7D4CBA1E-723E-438B-92E3-4C24169CF71A}.Release|x86.Build.0 = Release|Any CPU
		{7D4CBA1E-723E-438B-92E3-4C24169CF71A}.Release|x86.Deploy.0 = Release|Any CPU
	EndGlobalSection
	GlobalSection(SolutionProperties) = preSolution
		HideSolutionNode = FALSE
	EndGlobalSection
	GlobalSection(ExtensibilityGlobals) = postSolution
		SolutionGuid = {F04E18D5-0A6B-437A-94CB-5B6EE146B95D}
	EndGlobalSection
EndGlobal
